// !$*UTF8*$!
{
	archiveVersion = 1;
	classes = {
	};
	objectVersion = 50;
	objects = {

/* Begin PBXBuildFile section */
		43E54E18225CABB100C81FA9 /* AppDelegate.swift in Sources */ = {isa = PBXBuildFile; fileRef = 43E54E17225CABB100C81FA9 /* AppDelegate.swift */; };
		43E54E1A225CABB100C81FA9 /* ViewController.swift in Sources */ = {isa = PBXBuildFile; fileRef = 43E54E19225CABB100C81FA9 /* ViewController.swift */; };
		43E54E1D225CABB100C81FA9 /* Main.storyboard in Resources */ = {isa = PBXBuildFile; fileRef = 43E54E1B225CABB100C81FA9 /* Main.storyboard */; };
		43E54E20225CABB100C81FA9 /* BeastPlanner.xcdatamodeld in Sources */ = {isa = PBXBuildFile; fileRef = 43E54E1E225CABB100C81FA9 /* BeastPlanner.xcdatamodeld */; };
		43E54E22225CABB400C81FA9 /* Assets.xcassets in Resources */ = {isa = PBXBuildFile; fileRef = 43E54E21225CABB400C81FA9 /* Assets.xcassets */; };
		43E54E25225CABB400C81FA9 /* LaunchScreen.storyboard in Resources */ = {isa = PBXBuildFile; fileRef = 43E54E23225CABB400C81FA9 /* LaunchScreen.storyboard */; };
/* End PBXBuildFile section */

/* Begin PBXFileReference section */
		43E54E14225CABB100C81FA9 /* BeastPlanner.app */ = {isa = PBXFileReference; explicitFileType = wrapper.application; includeInIndex = 0; path = BeastPlanner.app; sourceTree = BUILT_PRODUCTS_DIR; };
		43E54E17225CABB100C81FA9 /* AppDelegate.swift */ = {isa = PBXFileReference; lastKnownFileType = sourcecode.swift; path = AppDelegate.swift; sourceTree = "<group>"; };
		43E54E19225CABB100C81FA9 /* ViewController.swift */ = {isa = PBXFileReference; lastKnownFileType = sourcecode.swift; path = ViewController.swift; sourceTree = "<group>"; };
		43E54E1C225CABB100C81FA9 /* Base */ = {isa = PBXFileReference; lastKnownFileType = file.storyboard; name = Base; path = Base.lproj/Main.storyboard; sourceTree = "<group>"; };
		43E54E1F225CABB100C81FA9 /* BeastPlanner.xcdatamodel */ = {isa = PBXFileReference; lastKnownFileType = wrapper.xcdatamodel; path = BeastPlanner.xcdatamodel; sourceTree = "<group>"; };
		43E54E21225CABB400C81FA9 /* Assets.xcassets */ = {isa = PBXFileReference; lastKnownFileType = folder.assetcatalog; path = Assets.xcassets; sourceTree = "<group>"; };
		43E54E24225CABB400C81FA9 /* Base */ = {isa = PBXFileReference; lastKnownFileType = file.storyboard; name = Base; path = Base.lproj/LaunchScreen.storyboard; sourceTree = "<group>"; };
		43E54E26225CABB400C81FA9 /* Info.plist */ = {isa = PBXFileReference; lastKnownFileType = text.plist.xml; path = Info.plist; sourceTree = "<group>"; };
/* End PBXFileReference section */

/* Begin PBXFrameworksBuildPhase section */
		43E54E11225CABB100C81FA9 /* Frameworks */ = {
			isa = PBXFrameworksBuildPhase;
			buildActionMask = 2147483647;
			files = (
			);
			runOnlyForDeploymentPostprocessing = 0;
		};
/* End PBXFrameworksBuildPhase section */

/* Begin PBXGroup section */
		43E54E0B225CABB100C81FA9 = {
			isa = PBXGroup;
			children = (
				43E54E16225CABB100C81FA9 /* BeastPlanner */,
				43E54E15225CABB100C81FA9 /* Products */,
			);
			sourceTree = "<group>";
		};
		43E54E15225CABB100C81FA9 /* Products */ = {
			isa = PBXGroup;
			children = (
				43E54E14225CABB100C81FA9 /* BeastPlanner.app */,
			);
			name = Products;
			sourceTree = "<group>";
		};
		43E54E16225CABB100C81FA9 /* BeastPlanner */ = {
			isa = PBXGroup;
			children = (
				43E54E17225CABB100C81FA9 /* AppDelegate.swift */,
				43E54E19225CABB100C81FA9 /* ViewController.swift */,
				43E54E1B225CABB100C81FA9 /* Main.storyboard */,
				43E54E21225CABB400C81FA9 /* Assets.xcassets */,
				43E54E23225CABB400C81FA9 /* LaunchScreen.storyboard */,
				43E54E26225CABB400C81FA9 /* Info.plist */,
				43E54E1E225CABB100C81FA9 /* BeastPlanner.xcdatamodeld */,
			);
			path = BeastPlanner;
			sourceTree = "<group>";
		};
/* End PBXGroup section */

/* Begin PBXNativeTarget section */
		43E54E13225CABB100C81FA9 /* BeastPlanner */ = {
			isa = PBXNativeTarget;
			buildConfigurationList = 43E54E29225CABB400C81FA9 /* Build configuration list for PBXNativeTarget "BeastPlanner" */;
			buildPhases = (
				43E54E10225CABB100C81FA9 /* Sources */,
				43E54E11225CABB100C81FA9 /* Frameworks */,
				43E54E12225CABB100C81FA9 /* Resources */,
			);
			buildRules = (
			);
			dependencies = (
			);
			name = BeastPlanner;
			productName = BeastPlanner;
			productReference = 43E54E14225CABB100C81FA9 /* BeastPlanner.app */;
			productType = "com.apple.product-type.application";
		};
/* End PBXNativeTarget section */

/* Begin PBXProject section */
		43E54E0C225CABB100C81FA9 /* Project object */ = {
			isa = PBXProject;
			attributes = {
				LastSwiftUpdateCheck = 1020;
				LastUpgradeCheck = 1020;
				ORGANIZATIONNAME = "Swift Koding 4 Everyone";
				TargetAttributes = {
					43E54E13225CABB100C81FA9 = {
						CreatedOnToolsVersion = 10.2;
					};
				};
			};
			buildConfigurationList = 43E54E0F225CABB100C81FA9 /* Build configuration list for PBXProject "BeastPlanner" */;
			compatibilityVersion = "Xcode 9.3";
			developmentRegion = en;
			hasScannedForEncodings = 0;
			knownRegions = (
				en,
				Base,
			);
			mainGroup = 43E54E0B225CABB100C81FA9;
			productRefGroup = 43E54E15225CABB100C81FA9 /* Products */;
			projectDirPath = "";
			projectRoot = "";
			targets = (
				43E54E13225CABB100C81FA9 /* BeastPlanner */,
			);
		};
/* End PBXProject section */

/* Begin PBXResourcesBuildPhase section */
		43E54E12225CABB100C81FA9 /* Resources */ = {
			isa = PBXResourcesBuildPhase;
			buildActionMask = 2147483647;
			files = (
				43E54E25225CABB400C81FA9 /* LaunchScreen.storyboard in Resources */,
				43E54E22225CABB400C81FA9 /* Assets.xcassets in Resources */,
				43E54E1D225CABB100C81FA9 /* Main.storyboard in Resources */,
			);
			runOnlyForDeploymentPostprocessing = 0;
		};
/* End PBXResourcesBuildPhase section */

/* Begin PBXSourcesBuildPhase section */
		43E54E10225CABB100C81FA9 /* Sources */ = {
			isa = PBXSourcesBuildPhase;
			buildActionMask = 2147483647;
			files = (
				43E54E20225CABB100C81FA9 /* BeastPlanner.xcdatamodeld in Sources */,
				43E54E1A225CABB100C81FA9 /* ViewController.swift in Sources */,
				43E54E18225CABB100C81FA9 /* AppDelegate.swift in Sources */,
			);
			runOnlyForDeploymentPostprocessing = 0;
		};
/* End PBXSourcesBuildPhase section */

/* Begin PBXVariantGroup section */
		43E54E1B225CABB100C81FA9 /* Main.storyboard */ = {
			isa = PBXVariantGroup;
			children = (
				43E54E1C225CABB100C81FA9 /* Base */,
			);
			name = Main.storyboard;
			sourceTree = "<group>";
		};
		43E54E23225CABB400C81FA9 /* LaunchScreen.storyboard */ = {
			isa = PBXVariantGroup;
			children = (
				43E54E24225CABB400C81FA9 /* Base */,
			);
			name = LaunchScreen.storyboard;
			sourceTree = "<group>";
		};
/* End PBXVariantGroup section */

/* Begin XCBuildConfiguration section */
		43E54E27225CABB400C81FA9 /* Debug */ = {
			isa = XCBuildConfiguration;
			buildSettings = {
				ALWAYS_SEARCH_USER_PATHS = NO;
				CLANG_ANALYZER_NONNULL = YES;
				CLANG_ANALYZER_NUMBER_OBJECT_CONVERSION = YES_AGGRESSIVE;
				CLANG_CXX_LANGUAGE_STANDARD = "gnu++14";
				CLANG_CXX_LIBRARY = "libc++";
				CLANG_ENABLE_MODULES = YES;
				CLANG_ENABLE_OBJC_ARC = YES;
				CLANG_ENABLE_OBJC_WEAK = YES;
				CLANG_WARN_BLOCK_CAPTURE_AUTORELEASING = YES;
				CLANG_WARN_BOOL_CONVERSION = YES;
				CLANG_WARN_COMMA = YES;
				CLANG_WARN_CONSTANT_CONVERSION = YES;
				CLANG_WARN_DEPRECATED_OBJC_IMPLEMENTATIONS = YES;
				CLANG_WARN_DIRECT_OBJC_ISA_USAGE = YES_ERROR;
				CLANG_WARN_DOCUMENTATION_COMMENTS = YES;
				CLANG_WARN_EMPTY_BODY = YES;
				CLANG_WARN_ENUM_CONVERSION = YES;
				CLANG_WARN_INFINITE_RECURSION = YES;
				CLANG_WARN_INT_CONVERSION = YES;
				CLANG_WARN_NON_LITERAL_NULL_CONVERSION = YES;
				CLANG_WARN_OBJC_IMPLICIT_RETAIN_SELF = YES;
				CLANG_WARN_OBJC_LITERAL_CONVERSION = YES;
				CLANG_WARN_OBJC_ROOT_CLASS = YES_ERROR;
				CLANG_WARN_RANGE_LOOP_ANALYSIS = YES;
				CLANG_WARN_STRICT_PROTOTYPES = YES;
				CLANG_WARN_SUSPICIOUS_MOVE = YES;
				CLANG_WARN_UNGUARDED_AVAILABILITY = YES_AGGRESSIVE;
				CLANG_WARN_UNREACHABLE_CODE = YES;
				CLANG_WARN__DUPLICATE_METHOD_MATCH = YES;
				CODE_SIGN_IDENTITY = "iPhone Developer";
				COPY_PHASE_STRIP = NO;
				DEBUG_INFORMATION_FORMAT = dwarf;
				ENABLE_STRICT_OBJC_MSGSEND = YES;
				ENABLE_TESTABILITY = YES;
				GCC_C_LANGUAGE_STANDARD = gnu11;
				GCC_DYNAMIC_NO_PIC = NO;
				GCC_NO_COMMON_BLOCKS = YES;
				GCC_OPTIMIZATION_LEVEL = 0;
				GCC_PREPROCESSOR_DEFINITIONS = (
					"DEBUG=1",
					"$(inherited)",
				);
				GCC_WARN_64_TO_32_BIT_CONVERSION = YES;
				GCC_WARN_ABOUT_RETURN_TYPE = YES_ERROR;
				GCC_WARN_UNDECLARED_SELECTOR = YES;
				GCC_WARN_UNINITIALIZED_AUTOS = YES_AGGRESSIVE;
				GCC_WARN_UNUSED_FUNCTION = YES;
				GCC_WARN_UNUSED_VARIABLE = YES;
				IPHONEOS_DEPLOYMENT_TARGET = 12.2;
				MTL_ENABLE_DEBUG_INFO = INCLUDE_SOURCE;
				MTL_FAST_MATH = YES;
				ONLY_ACTIVE_ARCH = YES;
				SDKROOT = iphoneos;
				SWIFT_ACTIVE_COMPILATION_CONDITIONS = DEBUG;
				SWIFT_OPTIMIZATION_LEVEL = "-Onone";
			};
			name = Debug;
		};
		43E54E28225CABB400C81FA9 /* Release */ = {
			isa = XCBuildConfiguration;
			buildSettings = {
				ALWAYS_SEARCH_USER_PATHS = NO;
				CLANG_ANALYZER_NONNULL = YES;
				CLANG_ANALYZER_NUMBER_OBJECT_CONVERSION = YES_AGGRESSIVE;
				CLANG_CXX_LANGUAGE_STANDARD = "gnu++14";
				CLANG_CXX_LIBRARY = "libc++";
				CLANG_ENABLE_MODULES = YES;
				CLANG_ENABLE_OBJC_ARC = YES;
				CLANG_ENABLE_OBJC_WEAK = YES;
				CLANG_WARN_BLOCK_CAPTURE_AUTORELEASING = YES;
				CLANG_WARN_BOOL_CONVERSION = YES;
				CLANG_WARN_COMMA = YES;
				CLANG_WARN_CONSTANT_CONVERSION = YES;
				CLANG_WARN_DEPRECATED_OBJC_IMPLEMENTATIONS = YES;
				CLANG_WARN_DIRECT_OBJC_ISA_USAGE = YES_ERROR;
				CLANG_WARN_DOCUMENTATION_COMMENTS = YES;
				CLANG_WARN_EMPTY_BODY = YES;
				CLANG_WARN_ENUM_CONVERSION = YES;
				CLANG_WARN_INFINITE_RECURSION = YES;
				CLANG_WARN_INT_CONVERSION = YES;
				CLANG_WARN_NON_LITERAL_NULL_CONVERSION = YES;
				CLANG_WARN_OBJC_IMPLICIT_RETAIN_SELF = YES;
				CLANG_WARN_OBJC_LITERAL_CONVERSION = YES;
				CLANG_WARN_OBJC_ROOT_CLASS = YES_ERROR;
				CLANG_WARN_RANGE_LOOP_ANALYSIS = YES;
				CLANG_WARN_STRICT_PROTOTYPES = YES;
				CLANG_WARN_SUSPICIOUS_MOVE = YES;
				CLANG_WARN_UNGUARDED_AVAILABILITY = YES_AGGRESSIVE;
				CLANG_WARN_UNREACHABLE_CODE = YES;
				CLANG_WARN__DUPLICATE_METHOD_MATCH = YES;
				CODE_SIGN_IDENTITY = "iPhone Developer";
				COPY_PHASE_STRIP = NO;
				DEBUG_INFORMATION_FORMAT = "dwarf-with-dsym";
				ENABLE_NS_ASSERTIONS = NO;
				ENABLE_STRICT_OBJC_MSGSEND = YES;
				GCC_C_LANGUAGE_STANDARD = gnu11;
				GCC_NO_COMMON_BLOCKS = YES;
				GCC_WARN_64_TO_32_BIT_CONVERSION = YES;
				GCC_WARN_ABOUT_RETURN_TYPE = YES_ERROR;
				GCC_WARN_UNDECLARED_SELECTOR = YES;
				GCC_WARN_UNINITIALIZED_AUTOS = YES_AGGRESSIVE;
				GCC_WARN_UNUSED_FUNCTION = YES;
				GCC_WARN_UNUSED_VARIABLE = YES;
				IPHONEOS_DEPLOYMENT_TARGET = 12.2;
				MTL_ENABLE_DEBUG_INFO = NO;
				MTL_FAST_MATH = YES;
				SDKROOT = iphoneos;
				SWIFT_COMPILATION_MODE = wholemodule;
				SWIFT_OPTIMIZATION_LEVEL = "-O";
				VALIDATE_PRODUCT = YES;
			};
			name = Release;
		};
		43E54E2A225CABB400C81FA9 /* Debug */ = {
			isa = XCBuildConfiguration;
			buildSettings = {
				ASSETCATALOG_COMPILER_APPICON_NAME = AppIcon;
				CODE_SIGN_STYLE = Automatic;
				DEVELOPMENT_TEAM = YRMU5C8C32;
				INFOPLIST_FILE = BeastPlanner/Info.plist;
				LD_RUNPATH_SEARCH_PATHS = (
					"$(inherited)",
					"@executable_path/Frameworks",
				);
				PRODUCT_BUNDLE_IDENTIFIER = com.swiftkodingforeveryone.BeastPlanner;
				PRODUCT_NAME = "$(TARGET_NAME)";
				SWIFT_VERSION = 5.0;
				TARGETED_DEVICE_FAMILY = "1,2";
			};
			name = Debug;
		};
		43E54E2B225CABB400C81FA9 /* Release */ = {
			isa = XCBuildConfiguration;
			buildSettings = {
				ASSETCATALOG_COMPILER_APPICON_NAME = AppIcon;
				CODE_SIGN_STYLE = Automatic;
				DEVELOPMENT_TEAM = YRMU5C8C32;
				INFOPLIST_FILE = BeastPlanner/Info.plist;
				LD_RUNPATH_SEARCH_PATHS = (
					"$(inherited)",
					"@executable_path/Frameworks",
				);
				PRODUCT_BUNDLE_IDENTIFIER = com.swiftkodingforeveryone.BeastPlanner;
				PRODUCT_NAME = "$(TARGET_NAME)";
				SWIFT_VERSION = 5.0;
				TARGETED_DEVICE_FAMILY = "1,2";
			};
			name = Release;
		};
/* End XCBuildConfiguration section */

/* Begin XCConfigurationList section */
		43E54E0F225CABB100C81FA9 /* Build configuration list for PBXProject "BeastPlanner" */ = {
			isa = XCConfigurationList;
			buildConfigurations = (
				43E54E27225CABB400C81FA9 /* Debug */,
				43E54E28225CABB400C81FA9 /* Release */,
			);
			defaultConfigurationIsVisible = 0;
			defaultConfigurationName = Release;
		};
		43E54E29225CABB400C81FA9 /* Build configuration list for PBXNativeTarget "BeastPlanner" */ = {
			isa = XCConfigurationList;
			buildConfigurations = (
				43E54E2A225CABB400C81FA9 /* Debug */,
				43E54E2B225CABB400C81FA9 /* Release */,
			);
			defaultConfigurationIsVisible = 0;
			defaultConfigurationName = Release;
		};
/* End XCConfigurationList section */

/* Begin XCVersionGroup section */
		43E54E1E225CABB100C81FA9 /* BeastPlanner.xcdatamodeld */ = {
			isa = XCVersionGroup;
			children = (
				43E54E1F225CABB100C81FA9 /* BeastPlanner.xcdatamodel */,
			);
			currentVersion = 43E54E1F225CABB100C81FA9 /* BeastPlanner.xcdatamodel */;
			path = BeastPlanner.xcdatamodeld;
			sourceTree = "<group>";
			versionGroupType = wrapper.xcdatamodel;
		};
/* End XCVersionGroup section */
	};
	rootObject = 43E54E0C225CABB100C81FA9 /* Project object */;
}
